// !$*UTF8*$!
{
	archiveVersion = 1;
	classes = {
	};
	objectVersion = 55;
	objects = {

/* Begin PBXBuildFile section */
		EDD540EF27A74DDB00FB8177 /* AppDelegate.swift in Sources */ = {isa = PBXBuildFile; fileRef = EDD540EE27A74DDB00FB8177 /* AppDelegate.swift */; };
		EDD540F127A74DDB00FB8177 /* SceneDelegate.swift in Sources */ = {isa = PBXBuildFile; fileRef = EDD540F027A74DDB00FB8177 /* SceneDelegate.swift */; };
		EDD540F327A74DDB00FB8177 /* ViewController.swift in Sources */ = {isa = PBXBuildFile; fileRef = EDD540F227A74DDB00FB8177 /* ViewController.swift */; };
		EDD540F627A74DDB00FB8177 /* Main.storyboard in Resources */ = {isa = PBXBuildFile; fileRef = EDD540F427A74DDB00FB8177 /* Main.storyboard */; };
		EDD540F827A74DDD00FB8177 /* Assets.xcassets in Resources */ = {isa = PBXBuildFile; fileRef = EDD540F727A74DDD00FB8177 /* Assets.xcassets */; };
		EDD540FB27A74DDD00FB8177 /* LaunchScreen.storyboard in Resources */ = {isa = PBXBuildFile; fileRef = EDD540F927A74DDD00FB8177 /* LaunchScreen.storyboard */; };
		EDD5410627A74DDD00FB8177 /* unit1_movieTests.swift in Sources */ = {isa = PBXBuildFile; fileRef = EDD5410527A74DDD00FB8177 /* unit1_movieTests.swift */; };
		EDD5411027A74DDD00FB8177 /* unit1_movieUITests.swift in Sources */ = {isa = PBXBuildFile; fileRef = EDD5410F27A74DDD00FB8177 /* unit1_movieUITests.swift */; };
		EDD5411227A74DDD00FB8177 /* unit1_movieUITestsLaunchTests.swift in Sources */ = {isa = PBXBuildFile; fileRef = EDD5411127A74DDD00FB8177 /* unit1_movieUITestsLaunchTests.swift */; };
		EDD5411F27A7578800FB8177 /* TableViewCell.swift in Sources */ = {isa = PBXBuildFile; fileRef = EDD5411E27A7578800FB8177 /* TableViewCell.swift */; };
/* End PBXBuildFile section */

/* Begin PBXContainerItemProxy section */
		EDD5410227A74DDD00FB8177 /* PBXContainerItemProxy */ = {
			isa = PBXContainerItemProxy;
			containerPortal = EDD540E327A74DDB00FB8177 /* Project object */;
			proxyType = 1;
			remoteGlobalIDString = EDD540EA27A74DDB00FB8177;
			remoteInfo = "unit1-movie";
		};
		EDD5410C27A74DDD00FB8177 /* PBXContainerItemProxy */ = {
			isa = PBXContainerItemProxy;
			containerPortal = EDD540E327A74DDB00FB8177 /* Project object */;
			proxyType = 1;
			remoteGlobalIDString = EDD540EA27A74DDB00FB8177;
			remoteInfo = "unit1-movie";
		};
/* End PBXContainerItemProxy section */

/* Begin PBXFileReference section */
		EDD540EB27A74DDB00FB8177 /* unit1-movie.app */ = {isa = PBXFileReference; explicitFileType = wrapper.application; includeInIndex = 0; path = "unit1-movie.app"; sourceTree = BUILT_PRODUCTS_DIR; };
		EDD540EE27A74DDB00FB8177 /* AppDelegate.swift */ = {isa = PBXFileReference; lastKnownFileType = sourcecode.swift; path = AppDelegate.swift; sourceTree = "<group>"; };
		EDD540F027A74DDB00FB8177 /* SceneDelegate.swift */ = {isa = PBXFileReference; lastKnownFileType = sourcecode.swift; path = SceneDelegate.swift; sourceTree = "<group>"; };
		EDD540F227A74DDB00FB8177 /* ViewController.swift */ = {isa = PBXFileReference; lastKnownFileType = sourcecode.swift; path = ViewController.swift; sourceTree = "<group>"; };
		EDD540F527A74DDB00FB8177 /* Base */ = {isa = PBXFileReference; lastKnownFileType = file.storyboard; name = Base; path = Base.lproj/Main.storyboard; sourceTree = "<group>"; };
		EDD540F727A74DDD00FB8177 /* Assets.xcassets */ = {isa = PBXFileReference; lastKnownFileType = folder.assetcatalog; path = Assets.xcassets; sourceTree = "<group>"; };
		EDD540FA27A74DDD00FB8177 /* Base */ = {isa = PBXFileReference; lastKnownFileType = file.storyboard; name = Base; path = Base.lproj/LaunchScreen.storyboard; sourceTree = "<group>"; };
		EDD540FC27A74DDD00FB8177 /* Info.plist */ = {isa = PBXFileReference; lastKnownFileType = text.plist.xml; path = Info.plist; sourceTree = "<group>"; };
		EDD5410127A74DDD00FB8177 /* unit1-movieTests.xctest */ = {isa = PBXFileReference; explicitFileType = wrapper.cfbundle; includeInIndex = 0; path = "unit1-movieTests.xctest"; sourceTree = BUILT_PRODUCTS_DIR; };
		EDD5410527A74DDD00FB8177 /* unit1_movieTests.swift */ = {isa = PBXFileReference; lastKnownFileType = sourcecode.swift; path = unit1_movieTests.swift; sourceTree = "<group>"; };
		EDD5410B27A74DDD00FB8177 /* unit1-movieUITests.xctest */ = {isa = PBXFileReference; explicitFileType = wrapper.cfbundle; includeInIndex = 0; path = "unit1-movieUITests.xctest"; sourceTree = BUILT_PRODUCTS_DIR; };
		EDD5410F27A74DDD00FB8177 /* unit1_movieUITests.swift */ = {isa = PBXFileReference; lastKnownFileType = sourcecode.swift; path = unit1_movieUITests.swift; sourceTree = "<group>"; };
		EDD5411127A74DDD00FB8177 /* unit1_movieUITestsLaunchTests.swift */ = {isa = PBXFileReference; lastKnownFileType = sourcecode.swift; path = unit1_movieUITestsLaunchTests.swift; sourceTree = "<group>"; };
		EDD5411E27A7578800FB8177 /* TableViewCell.swift */ = {isa = PBXFileReference; lastKnownFileType = sourcecode.swift; path = TableViewCell.swift; sourceTree = "<group>"; };
/* End PBXFileReference section */

/* Begin PBXFrameworksBuildPhase section */
		EDD540E827A74DDB00FB8177 /* Frameworks */ = {
			isa = PBXFrameworksBuildPhase;
			buildActionMask = 2147483647;
			files = (
			);
			runOnlyForDeploymentPostprocessing = 0;
		};
		EDD540FE27A74DDD00FB8177 /* Frameworks */ = {
			isa = PBXFrameworksBuildPhase;
			buildActionMask = 2147483647;
			files = (
			);
			runOnlyForDeploymentPostprocessing = 0;
		};
		EDD5410827A74DDD00FB8177 /* Frameworks */ = {
			isa = PBXFrameworksBuildPhase;
			buildActionMask = 2147483647;
			files = (
			);
			runOnlyForDeploymentPostprocessing = 0;
		};
/* End PBXFrameworksBuildPhase section */

/* Begin PBXGroup section */
		EDD540E227A74DDB00FB8177 = {
			isa = PBXGroup;
			children = (
				EDD540ED27A74DDB00FB8177 /* unit1-movie */,
				EDD5410427A74DDD00FB8177 /* unit1-movieTests */,
				EDD5410E27A74DDD00FB8177 /* unit1-movieUITests */,
				EDD540EC27A74DDB00FB8177 /* Products */,
			);
			sourceTree = "<group>";
		};
		EDD540EC27A74DDB00FB8177 /* Products */ = {
			isa = PBXGroup;
			children = (
				EDD540EB27A74DDB00FB8177 /* unit1-movie.app */,
				EDD5410127A74DDD00FB8177 /* unit1-movieTests.xctest */,
				EDD5410B27A74DDD00FB8177 /* unit1-movieUITests.xctest */,
			);
			name = Products;
			sourceTree = "<group>";
		};
		EDD540ED27A74DDB00FB8177 /* unit1-movie */ = {
			isa = PBXGroup;
			children = (
				EDD540EE27A74DDB00FB8177 /* AppDelegate.swift */,
				EDD540F027A74DDB00FB8177 /* SceneDelegate.swift */,
				EDD540F227A74DDB00FB8177 /* ViewController.swift */,
				EDD540F427A74DDB00FB8177 /* Main.storyboard */,
				EDD5411E27A7578800FB8177 /* TableViewCell.swift */,
				EDD540F727A74DDD00FB8177 /* Assets.xcassets */,
				EDD540F927A74DDD00FB8177 /* LaunchScreen.storyboard */,
				EDD540FC27A74DDD00FB8177 /* Info.plist */,
			);
			path = "unit1-movie";
			sourceTree = "<group>";
		};
		EDD5410427A74DDD00FB8177 /* unit1-movieTests */ = {
			isa = PBXGroup;
			children = (
				EDD5410527A74DDD00FB8177 /* unit1_movieTests.swift */,
			);
			path = "unit1-movieTests";
			sourceTree = "<group>";
		};
		EDD5410E27A74DDD00FB8177 /* unit1-movieUITests */ = {
			isa = PBXGroup;
			children = (
				EDD5410F27A74DDD00FB8177 /* unit1_movieUITests.swift */,
				EDD5411127A74DDD00FB8177 /* unit1_movieUITestsLaunchTests.swift */,
			);
			path = "unit1-movieUITests";
			sourceTree = "<group>";
		};
/* End PBXGroup section */

/* Begin PBXNativeTarget section */
		EDD540EA27A74DDB00FB8177 /* unit1-movie */ = {
			isa = PBXNativeTarget;
			buildConfigurationList = EDD5411527A74DDD00FB8177 /* Build configuration list for PBXNativeTarget "unit1-movie" */;
			buildPhases = (
				EDD540E727A74DDB00FB8177 /* Sources */,
				EDD540E827A74DDB00FB8177 /* Frameworks */,
				EDD540E927A74DDB00FB8177 /* Resources */,
			);
			buildRules = (
			);
			dependencies = (
			);
			name = "unit1-movie";
			productName = "unit1-movie";
			productReference = EDD540EB27A74DDB00FB8177 /* unit1-movie.app */;
			productType = "com.apple.product-type.application";
		};
		EDD5410027A74DDD00FB8177 /* unit1-movieTests */ = {
			isa = PBXNativeTarget;
			buildConfigurationList = EDD5411827A74DDD00FB8177 /* Build configuration list for PBXNativeTarget "unit1-movieTests" */;
			buildPhases = (
				EDD540FD27A74DDD00FB8177 /* Sources */,
				EDD540FE27A74DDD00FB8177 /* Frameworks */,
				EDD540FF27A74DDD00FB8177 /* Resources */,
			);
			buildRules = (
			);
			dependencies = (
				EDD5410327A74DDD00FB8177 /* PBXTargetDependency */,
			);
			name = "unit1-movieTests";
			productName = "unit1-movieTests";
			productReference = EDD5410127A74DDD00FB8177 /* unit1-movieTests.xctest */;
			productType = "com.apple.product-type.bundle.unit-test";
		};
		EDD5410A27A74DDD00FB8177 /* unit1-movieUITests */ = {
			isa = PBXNativeTarget;
			buildConfigurationList = EDD5411B27A74DDD00FB8177 /* Build configuration list for PBXNativeTarget "unit1-movieUITests" */;
			buildPhases = (
				EDD5410727A74DDD00FB8177 /* Sources */,
				EDD5410827A74DDD00FB8177 /* Frameworks */,
				EDD5410927A74DDD00FB8177 /* Resources */,
			);
			buildRules = (
			);
			dependencies = (
				EDD5410D27A74DDD00FB8177 /* PBXTargetDependency */,
			);
			name = "unit1-movieUITests";
			productName = "unit1-movieUITests";
			productReference = EDD5410B27A74DDD00FB8177 /* unit1-movieUITests.xctest */;
			productType = "com.apple.product-type.bundle.ui-testing";
		};
/* End PBXNativeTarget section */

/* Begin PBXProject section */
		EDD540E327A74DDB00FB8177 /* Project object */ = {
			isa = PBXProject;
			attributes = {
				BuildIndependentTargetsInParallel = 1;
				LastSwiftUpdateCheck = 1320;
				LastUpgradeCheck = 1320;
				TargetAttributes = {
					EDD540EA27A74DDB00FB8177 = {
						CreatedOnToolsVersion = 13.2.1;
					};
					EDD5410027A74DDD00FB8177 = {
						CreatedOnToolsVersion = 13.2.1;
						TestTargetID = EDD540EA27A74DDB00FB8177;
					};
					EDD5410A27A74DDD00FB8177 = {
						CreatedOnToolsVersion = 13.2.1;
						TestTargetID = EDD540EA27A74DDB00FB8177;
					};
				};
			};
			buildConfigurationList = EDD540E627A74DDB00FB8177 /* Build configuration list for PBXProject "unit1-movie" */;
			compatibilityVersion = "Xcode 13.0";
			developmentRegion = en;
			hasScannedForEncodings = 0;
			knownRegions = (
				en,
				Base,
			);
			mainGroup = EDD540E227A74DDB00FB8177;
			productRefGroup = EDD540EC27A74DDB00FB8177 /* Products */;
			projectDirPath = "";
			projectRoot = "";
			targets = (
				EDD540EA27A74DDB00FB8177 /* unit1-movie */,
				EDD5410027A74DDD00FB8177 /* unit1-movieTests */,
				EDD5410A27A74DDD00FB8177 /* unit1-movieUITests */,
			);
		};
/* End PBXProject section */

/* Begin PBXResourcesBuildPhase section */
		EDD540E927A74DDB00FB8177 /* Resources */ = {
			isa = PBXResourcesBuildPhase;
			buildActionMask = 2147483647;
			files = (
				EDD540FB27A74DDD00FB8177 /* LaunchScreen.storyboard in Resources */,
				EDD540F827A74DDD00FB8177 /* Assets.xcassets in Resources */,
				EDD540F627A74DDB00FB8177 /* Main.storyboard in Resources */,
			);
			runOnlyForDeploymentPostprocessing = 0;
		};
		EDD540FF27A74DDD00FB8177 /* Resources */ = {
			isa = PBXResourcesBuildPhase;
			buildActionMask = 2147483647;
			files = (
			);
			runOnlyForDeploymentPostprocessing = 0;
		};
		EDD5410927A74DDD00FB8177 /* Resources */ = {
			isa = PBXResourcesBuildPhase;
			buildActionMask = 2147483647;
			files = (
			);
			runOnlyForDeploymentPostprocessing = 0;
		};
/* End PBXResourcesBuildPhase section */

/* Begin PBXSourcesBuildPhase section */
		EDD540E727A74DDB00FB8177 /* Sources */ = {
			isa = PBXSourcesBuildPhase;
			buildActionMask = 2147483647;
			files = (
				EDD540F327A74DDB00FB8177 /* ViewController.swift in Sources */,
				EDD5411F27A7578800FB8177 /* TableViewCell.swift in Sources */,
				EDD540EF27A74DDB00FB8177 /* AppDelegate.swift in Sources */,
				EDD540F127A74DDB00FB8177 /* SceneDelegate.swift in Sources */,
			);
			runOnlyForDeploymentPostprocessing = 0;
		};
		EDD540FD27A74DDD00FB8177 /* Sources */ = {
			isa = PBXSourcesBuildPhase;
			buildActionMask = 2147483647;
			files = (
				EDD5410627A74DDD00FB8177 /* unit1_movieTests.swift in Sources */,
			);
			runOnlyForDeploymentPostprocessing = 0;
		};
		EDD5410727A74DDD00FB8177 /* Sources */ = {
			isa = PBXSourcesBuildPhase;
			buildActionMask = 2147483647;
			files = (
				EDD5411027A74DDD00FB8177 /* unit1_movieUITests.swift in Sources */,
				EDD5411227A74DDD00FB8177 /* unit1_movieUITestsLaunchTests.swift in Sources */,
			);
			runOnlyForDeploymentPostprocessing = 0;
		};
/* End PBXSourcesBuildPhase section */

/* Begin PBXTargetDependency section */
		EDD5410327A74DDD00FB8177 /* PBXTargetDependency */ = {
			isa = PBXTargetDependency;
			target = EDD540EA27A74DDB00FB8177 /* unit1-movie */;
			targetProxy = EDD5410227A74DDD00FB8177 /* PBXContainerItemProxy */;
		};
		EDD5410D27A74DDD00FB8177 /* PBXTargetDependency */ = {
			isa = PBXTargetDependency;
			target = EDD540EA27A74DDB00FB8177 /* unit1-movie */;
			targetProxy = EDD5410C27A74DDD00FB8177 /* PBXContainerItemProxy */;
		};
/* End PBXTargetDependency section */

/* Begin PBXVariantGroup section */
		EDD540F427A74DDB00FB8177 /* Main.storyboard */ = {
			isa = PBXVariantGroup;
			children = (
				EDD540F527A74DDB00FB8177 /* Base */,
			);
			name = Main.storyboard;
			sourceTree = "<group>";
		};
		EDD540F927A74DDD00FB8177 /* LaunchScreen.storyboard */ = {
			isa = PBXVariantGroup;
			children = (
				EDD540FA27A74DDD00FB8177 /* Base */,
			);
			name = LaunchScreen.storyboard;
			sourceTree = "<group>";
		};
/* End PBXVariantGroup section */

/* Begin XCBuildConfiguration section */
		EDD5411327A74DDD00FB8177 /* Debug */ = {
			isa = XCBuildConfiguration;
			buildSettings = {
				ALWAYS_SEARCH_USER_PATHS = NO;
				CLANG_ANALYZER_NONNULL = YES;
				CLANG_ANALYZER_NUMBER_OBJECT_CONVERSION = YES_AGGRESSIVE;
				CLANG_CXX_LANGUAGE_STANDARD = "gnu++17";
				CLANG_CXX_LIBRARY = "libc++";
				CLANG_ENABLE_MODULES = YES;
				CLANG_ENABLE_OBJC_ARC = YES;
				CLANG_ENABLE_OBJC_WEAK = YES;
				CLANG_WARN_BLOCK_CAPTURE_AUTORELEASING = YES;
				CLANG_WARN_BOOL_CONVERSION = YES;
				CLANG_WARN_COMMA = YES;
				CLANG_WARN_CONSTANT_CONVERSION = YES;
				CLANG_WARN_DEPRECATED_OBJC_IMPLEMENTATIONS = YES;
				CLANG_WARN_DIRECT_OBJC_ISA_USAGE = YES_ERROR;
				CLANG_WARN_DOCUMENTATION_COMMENTS = YES;
				CLANG_WARN_EMPTY_BODY = YES;
				CLANG_WARN_ENUM_CONVERSION = YES;
				CLANG_WARN_INFINITE_RECURSION = YES;
				CLANG_WARN_INT_CONVERSION = YES;
				CLANG_WARN_NON_LITERAL_NULL_CONVERSION = YES;
				CLANG_WARN_OBJC_IMPLICIT_RETAIN_SELF = YES;
				CLANG_WARN_OBJC_LITERAL_CONVERSION = YES;
				CLANG_WARN_OBJC_ROOT_CLASS = YES_ERROR;
				CLANG_WARN_QUOTED_INCLUDE_IN_FRAMEWORK_HEADER = YES;
				CLANG_WARN_RANGE_LOOP_ANALYSIS = YES;
				CLANG_WARN_STRICT_PROTOTYPES = YES;
				CLANG_WARN_SUSPICIOUS_MOVE = YES;
				CLANG_WARN_UNGUARDED_AVAILABILITY = YES_AGGRESSIVE;
				CLANG_WARN_UNREACHABLE_CODE = YES;
				CLANG_WARN__DUPLICATE_METHOD_MATCH = YES;
				COPY_PHASE_STRIP = NO;
				DEBUG_INFORMATION_FORMAT = dwarf;
				ENABLE_STRICT_OBJC_MSGSEND = YES;
				ENABLE_TESTABILITY = YES;
				GCC_C_LANGUAGE_STANDARD = gnu11;
				GCC_DYNAMIC_NO_PIC = NO;
				GCC_NO_COMMON_BLOCKS = YES;
				GCC_OPTIMIZATION_LEVEL = 0;
				GCC_PREPROCESSOR_DEFINITIONS = (
					"DEBUG=1",
					"$(inherited)",
				);
				GCC_WARN_64_TO_32_BIT_CONVERSION = YES;
				GCC_WARN_ABOUT_RETURN_TYPE = YES_ERROR;
				GCC_WARN_UNDECLARED_SELECTOR = YES;
				GCC_WARN_UNINITIALIZED_AUTOS = YES_AGGRESSIVE;
				GCC_WARN_UNUSED_FUNCTION = YES;
				GCC_WARN_UNUSED_VARIABLE = YES;
				IPHONEOS_DEPLOYMENT_TARGET = 15.2;
				MTL_ENABLE_DEBUG_INFO = INCLUDE_SOURCE;
				MTL_FAST_MATH = YES;
				ONLY_ACTIVE_ARCH = YES;
				SDKROOT = iphoneos;
				SWIFT_ACTIVE_COMPILATION_CONDITIONS = DEBUG;
				SWIFT_OPTIMIZATION_LEVEL = "-Onone";
			};
			name = Debug;
		};
		EDD5411427A74DDD00FB8177 /* Release */ = {
			isa = XCBuildConfiguration;
			buildSettings = {
				ALWAYS_SEARCH_USER_PATHS = NO;
				CLANG_ANALYZER_NONNULL = YES;
				CLANG_ANALYZER_NUMBER_OBJECT_CONVERSION = YES_AGGRESSIVE;
				CLANG_CXX_LANGUAGE_STANDARD = "gnu++17";
				CLANG_CXX_LIBRARY = "libc++";
				CLANG_ENABLE_MODULES = YES;
				CLANG_ENABLE_OBJC_ARC = YES;
				CLANG_ENABLE_OBJC_WEAK = YES;
				CLANG_WARN_BLOCK_CAPTURE_AUTORELEASING = YES;
				CLANG_WARN_BOOL_CONVERSION = YES;
				CLANG_WARN_COMMA = YES;
				CLANG_WARN_CONSTANT_CONVERSION = YES;
				CLANG_WARN_DEPRECATED_OBJC_IMPLEMENTATIONS = YES;
				CLANG_WARN_DIRECT_OBJC_ISA_USAGE = YES_ERROR;
				CLANG_WARN_DOCUMENTATION_COMMENTS = YES;
				CLANG_WARN_EMPTY_BODY = YES;
				CLANG_WARN_ENUM_CONVERSION = YES;
				CLANG_WARN_INFINITE_RECURSION = YES;
				CLANG_WARN_INT_CONVERSION = YES;
				CLANG_WARN_NON_LITERAL_NULL_CONVERSION = YES;
				CLANG_WARN_OBJC_IMPLICIT_RETAIN_SELF = YES;
				CLANG_WARN_OBJC_LITERAL_CONVERSION = YES;
				CLANG_WARN_OBJC_ROOT_CLASS = YES_ERROR;
				CLANG_WARN_QUOTED_INCLUDE_IN_FRAMEWORK_HEADER = YES;
				CLANG_WARN_RANGE_LOOP_ANALYSIS = YES;
				CLANG_WARN_STRICT_PROTOTYPES = YES;
				CLANG_WARN_SUSPICIOUS_MOVE = YES;
				CLANG_WARN_UNGUARDED_AVAILABILITY = YES_AGGRESSIVE;
				CLANG_WARN_UNREACHABLE_CODE = YES;
				CLANG_WARN__DUPLICATE_METHOD_MATCH = YES;
				COPY_PHASE_STRIP = NO;
				DEBUG_INFORMATION_FORMAT = "dwarf-with-dsym";
				ENABLE_NS_ASSERTIONS = NO;
				ENABLE_STRICT_OBJC_MSGSEND = YES;
				GCC_C_LANGUAGE_STANDARD = gnu11;
				GCC_NO_COMMON_BLOCKS = YES;
				GCC_WARN_64_TO_32_BIT_CONVERSION = YES;
				GCC_WARN_ABOUT_RETURN_TYPE = YES_ERROR;
				GCC_WARN_UNDECLARED_SELECTOR = YES;
				GCC_WARN_UNINITIALIZED_AUTOS = YES_AGGRESSIVE;
				GCC_WARN_UNUSED_FUNCTION = YES;
				GCC_WARN_UNUSED_VARIABLE = YES;
				IPHONEOS_DEPLOYMENT_TARGET = 15.2;
				MTL_ENABLE_DEBUG_INFO = NO;
				MTL_FAST_MATH = YES;
				SDKROOT = iphoneos;
				SWIFT_COMPILATION_MODE = wholemodule;
				SWIFT_OPTIMIZATION_LEVEL = "-O";
				VALIDATE_PRODUCT = YES;
			};
			name = Release;
		};
		EDD5411627A74DDD00FB8177 /* Debug */ = {
			isa = XCBuildConfiguration;
			buildSettings = {
				ASSETCATALOG_COMPILER_APPICON_NAME = AppIcon;
				ASSETCATALOG_COMPILER_GLOBAL_ACCENT_COLOR_NAME = AccentColor;
				CODE_SIGN_STYLE = Automatic;
				CURRENT_PROJECT_VERSION = 1;
				DEVELOPMENT_TEAM = DND6NT8XVW;
				GENERATE_INFOPLIST_FILE = YES;
				INFOPLIST_FILE = "unit1-movie/Info.plist";
				INFOPLIST_KEY_UIApplicationSupportsIndirectInputEvents = YES;
				INFOPLIST_KEY_UILaunchStoryboardName = LaunchScreen;
				INFOPLIST_KEY_UIMainStoryboardFile = Main;
				INFOPLIST_KEY_UISupportedInterfaceOrientations_iPad = "UIInterfaceOrientationPortrait UIInterfaceOrientationPortraitUpsideDown UIInterfaceOrientationLandscapeLeft UIInterfaceOrientationLandscapeRight";
				INFOPLIST_KEY_UISupportedInterfaceOrientations_iPhone = "UIInterfaceOrientationPortrait UIInterfaceOrientationLandscapeLeft UIInterfaceOrientationLandscapeRight";
				LD_RUNPATH_SEARCH_PATHS = (
					"$(inherited)",
					"@executable_path/Frameworks",
				);
				MARKETING_VERSION = 1.0;
				PRODUCT_BUNDLE_IDENTIFIER = "memo.com.unit1-movie";
				PRODUCT_NAME = "$(TARGET_NAME)";
				SWIFT_EMIT_LOC_STRINGS = YES;
				SWIFT_VERSION = 5.0;
				TARGETED_DEVICE_FAMILY = "1,2";
			};
			name = Debug;
		};
		EDD5411727A74DDD00FB8177 /* Release */ = {
			isa = XCBuildConfiguration;
			buildSettings = {
				ASSETCATALOG_COMPILER_APPICON_NAME = AppIcon;
				ASSETCATALOG_COMPILER_GLOBAL_ACCENT_COLOR_NAME = AccentColor;
				CODE_SIGN_STYLE = Automatic;
				CURRENT_PROJECT_VERSION = 1;
				DEVELOPMENT_TEAM = DND6NT8XVW;
				GENERATE_INFOPLIST_FILE = YES;
				INFOPLIST_FILE = "unit1-movie/Info.plist";
				INFOPLIST_KEY_UIApplicationSupportsIndirectInputEvents = YES;
				INFOPLIST_KEY_UILaunchStoryboardName = LaunchScreen;
				INFOPLIST_KEY_UIMainStoryboardFile = Main;
				INFOPLIST_KEY_UISupportedInterfaceOrientations_iPad = "UIInterfaceOrientationPortrait UIInterfaceOrientationPortraitUpsideDown UIInterfaceOrientationLandscapeLeft UIInterfaceOrientationLandscapeRight";
				INFOPLIST_KEY_UISupportedInterfaceOrientations_iPhone = "UIInterfaceOrientationPortrait UIInterfaceOrientationLandscapeLeft UIInterfaceOrientationLandscapeRight";
				LD_RUNPATH_SEARCH_PATHS = (
					"$(inherited)",
					"@executable_path/Frameworks",
				);
				MARKETING_VERSION = 1.0;
				PRODUCT_BUNDLE_IDENTIFIER = "memo.com.unit1-movie";
				PRODUCT_NAME = "$(TARGET_NAME)";
				SWIFT_EMIT_LOC_STRINGS = YES;
				SWIFT_VERSION = 5.0;
				TARGETED_DEVICE_FAMILY = "1,2";
			};
			name = Release;
		};
		EDD5411927A74DDD00FB8177 /* Debug */ = {
			isa = XCBuildConfiguration;
			buildSettings = {
				ALWAYS_EMBED_SWIFT_STANDARD_LIBRARIES = YES;
				BUNDLE_LOADER = "$(TEST_HOST)";
				CODE_SIGN_STYLE = Automatic;
				CURRENT_PROJECT_VERSION = 1;
				GENERATE_INFOPLIST_FILE = YES;
				IPHONEOS_DEPLOYMENT_TARGET = 15.2;
				MARKETING_VERSION = 1.0;
				PRODUCT_BUNDLE_IDENTIFIER = "memo.com.unit1-movieTests";
				PRODUCT_NAME = "$(TARGET_NAME)";
				SWIFT_EMIT_LOC_STRINGS = NO;
				SWIFT_VERSION = 5.0;
				TARGETED_DEVICE_FAMILY = "1,2";
				TEST_HOST = "$(BUILT_PRODUCTS_DIR)/unit1-movie.app/unit1-movie";
			};
			name = Debug;
		};
		EDD5411A27A74DDD00FB8177 /* Release */ = {
			isa = XCBuildConfiguration;
			buildSettings = {
				ALWAYS_EMBED_SWIFT_STANDARD_LIBRARIES = YES;
				BUNDLE_LOADER = "$(TEST_HOST)";
				CODE_SIGN_STYLE = Automatic;
				CURRENT_PROJECT_VERSION = 1;
				GENERATE_INFOPLIST_FILE = YES;
				IPHONEOS_DEPLOYMENT_TARGET = 15.2;
				MARKETING_VERSION = 1.0;
				PRODUCT_BUNDLE_IDENTIFIER = "memo.com.unit1-movieTests";
				PRODUCT_NAME = "$(TARGET_NAME)";
				SWIFT_EMIT_LOC_STRINGS = NO;
				SWIFT_VERSION = 5.0;
				TARGETED_DEVICE_FAMILY = "1,2";
				TEST_HOST = "$(BUILT_PRODUCTS_DIR)/unit1-movie.app/unit1-movie";
			};
			name = Release;
		};
		EDD5411C27A74DDD00FB8177 /* Debug */ = {
			isa = XCBuildConfiguration;
			buildSettings = {
				ALWAYS_EMBED_SWIFT_STANDARD_LIBRARIES = YES;
				CODE_SIGN_STYLE = Automatic;
				CURRENT_PROJECT_VERSION = 1;
				GENERATE_INFOPLIST_FILE = YES;
				MARKETING_VERSION = 1.0;
				PRODUCT_BUNDLE_IDENTIFIER = "memo.com.unit1-movieUITests";
				PRODUCT_NAME = "$(TARGET_NAME)";
				SWIFT_EMIT_LOC_STRINGS = NO;
				SWIFT_VERSION = 5.0;
				TARGETED_DEVICE_FAMILY = "1,2";
				TEST_TARGET_NAME = "unit1-movie";
			};
			name = Debug;
		};
		EDD5411D27A74DDD00FB8177 /* Release */ = {
			isa = XCBuildConfiguration;
			buildSettings = {
				ALWAYS_EMBED_SWIFT_STANDARD_LIBRARIES = YES;
				CODE_SIGN_STYLE = Automatic;
				CURRENT_PROJECT_VERSION = 1;
				GENERATE_INFOPLIST_FILE = YES;
				MARKETING_VERSION = 1.0;
				PRODUCT_BUNDLE_IDENTIFIER = "memo.com.unit1-movieUITests";
				PRODUCT_NAME = "$(TARGET_NAME)";
				SWIFT_EMIT_LOC_STRINGS = NO;
				SWIFT_VERSION = 5.0;
				TARGETED_DEVICE_FAMILY = "1,2";
				TEST_TARGET_NAME = "unit1-movie";
			};
			name = Release;
		};
/* End XCBuildConfiguration section */

/* Begin XCConfigurationList section */
		EDD540E627A74DDB00FB8177 /* Build configuration list for PBXProject "unit1-movie" */ = {
			isa = XCConfigurationList;
			buildConfigurations = (
				EDD5411327A74DDD00FB8177 /* Debug */,
				EDD5411427A74DDD00FB8177 /* Release */,
			);
			defaultConfigurationIsVisible = 0;
			defaultConfigurationName = Release;
		};
		EDD5411527A74DDD00FB8177 /* Build configuration list for PBXNativeTarget "unit1-movie" */ = {
			isa = XCConfigurationList;
			buildConfigurations = (
				EDD5411627A74DDD00FB8177 /* Debug */,
				EDD5411727A74DDD00FB8177 /* Release */,
			);
			defaultConfigurationIsVisible = 0;
			defaultConfigurationName = Release;
		};
		EDD5411827A74DDD00FB8177 /* Build configuration list for PBXNativeTarget "unit1-movieTests" */ = {
			isa = XCConfigurationList;
			buildConfigurations = (
				EDD5411927A74DDD00FB8177 /* Debug */,
				EDD5411A27A74DDD00FB8177 /* Release */,
			);
			defaultConfigurationIsVisible = 0;
			defaultConfigurationName = Release;
		};
		EDD5411B27A74DDD00FB8177 /* Build configuration list for PBXNativeTarget "unit1-movieUITests" */ = {
			isa = XCConfigurationList;
			buildConfigurations = (
				EDD5411C27A74DDD00FB8177 /* Debug */,
				EDD5411D27A74DDD00FB8177 /* Release */,
			);
			defaultConfigurationIsVisible = 0;
			defaultConfigurationName = Release;
		};
/* End XCConfigurationList section */
	};
	rootObject = EDD540E327A74DDB00FB8177 /* Project object */;
}
